
Microsoft Visual Studio Solution File, Format Version 12.00
# Visual Studio Version 16
VisualStudioVersion = 16.0.29806.167
MinimumVisualStudioVersion = 10.0.40219.1
Project("{2150E333-8FDC-42A3-9474-1A3956D46DE8}") = "src", "src", "{BAD6044C-0C60-4782-A98F-989E42FF7D7A}"
EndProject
Project("{9A19103F-16F7-4668-BE54-9A1E7A4F7556}") = "UltimateInvoicing.Web", "src\UltimateInvoicing.Web\UltimateInvoicing.Web.csproj", "{30230256-3AFE-450E-A9C2-993B50A5BE1D}"
EndProject
Project("{FAE04EC0-301F-11D3-BF4B-00C04F79EFBC}") = "UltimateInvoicing.EntityFrameworkCore", "src\UltimateInvoicing.EntityFrameworkCore\UltimateInvoicing.EntityFrameworkCore.csproj", "{4AA237BA-CFDE-492F-9A40-94D9C5358FB7}"
EndProject
Project("{FAE04EC0-301F-11D3-BF4B-00C04F79EFBC}") = "UltimateInvoicing.Domain", "src\UltimateInvoicing.Domain\UltimateInvoicing.Domain.csproj", "{43793308-0FDE-48A9-BF82-C5DCFABB0C41}"
EndProject
Project("{9A19103F-16F7-4668-BE54-9A1E7A4F7556}") = "UltimateInvoicing.Application", "src\UltimateInvoicing.Application\UltimateInvoicing.Application.csproj", "{98D6B53B-823D-4AD3-B998-8D22B9C4F478}"
EndProject
Project("{FAE04EC0-301F-11D3-BF4B-00C04F79EFBC}") = "UltimateInvoicing.Domain.Shared", "src\UltimateInvoicing.Domain.Shared\UltimateInvoicing.Domain.Shared.csproj", "{13DE5E3E-B853-4CAC-9ABB-2311BAD7C131}"
EndProject
Project("{FAE04EC0-301F-11D3-BF4B-00C04F79EFBC}") = "UltimateInvoicing.Application.Shared", "src\UltimateInvoicing.Application.Shared\UltimateInvoicing.Application.Shared.csproj", "{DAE95964-E7AD-4F38-A8A6-556E4B582F47}"
EndProject
Project("{FAE04EC0-301F-11D3-BF4B-00C04F79EFBC}") = "UltimateInvoicing.HttpApi", "src\UltimateInvoicing.HttpApi\UltimateInvoicing.HttpApi.csproj", "{631BF2EC-0DB6-41CF-9F93-EF41C4EF6FE1}"
EndProject
Global
	GlobalSection(SolutionConfigurationPlatforms) = preSolution
		Debug|Any CPU = Debug|Any CPU
		Release|Any CPU = Release|Any CPU
	EndGlobalSection
	GlobalSection(ProjectConfigurationPlatforms) = postSolution
		{30230256-3AFE-450E-A9C2-993B50A5BE1D}.Debug|Any CPU.ActiveCfg = Debug|Any CPU
		{30230256-3AFE-450E-A9C2-993B50A5BE1D}.Debug|Any CPU.Build.0 = Debug|Any CPU
		{30230256-3AFE-450E-A9C2-993B50A5BE1D}.Release|Any CPU.ActiveCfg = Release|Any CPU
		{30230256-3AFE-450E-A9C2-993B50A5BE1D}.Release|Any CPU.Build.0 = Release|Any CPU
		{4AA237BA-CFDE-492F-9A40-94D9C5358FB7}.Debug|Any CPU.ActiveCfg = Debug|Any CPU
		{4AA237BA-CFDE-492F-9A40-94D9C5358FB7}.Debug|Any CPU.Build.0 = Debug|Any CPU
		{4AA237BA-CFDE-492F-9A40-94D9C5358FB7}.Release|Any CPU.ActiveCfg = Release|Any CPU
		{4AA237BA-CFDE-492F-9A40-94D9C5358FB7}.Release|Any CPU.Build.0 = Release|Any CPU
		{43793308-0FDE-48A9-BF82-C5DCFABB0C41}.Debug|Any CPU.ActiveCfg = Debug|Any CPU
		{43793308-0FDE-48A9-BF82-C5DCFABB0C41}.Debug|Any CPU.Build.0 = Debug|Any CPU
		{43793308-0FDE-48A9-BF82-C5DCFABB0C41}.Release|Any CPU.ActiveCfg = Release|Any CPU
		{43793308-0FDE-48A9-BF82-C5DCFABB0C41}.Release|Any CPU.Build.0 = Release|Any CPU
		{98D6B53B-823D-4AD3-B998-8D22B9C4F478}.Debug|Any CPU.ActiveCfg = Debug|Any CPU
		{98D6B53B-823D-4AD3-B998-8D22B9C4F478}.Debug|Any CPU.Build.0 = Debug|Any CPU
		{98D6B53B-823D-4AD3-B998-8D22B9C4F478}.Release|Any CPU.ActiveCfg = Release|Any CPU
		{98D6B53B-823D-4AD3-B998-8D22B9C4F478}.Release|Any CPU.Build.0 = Release|Any CPU
		{13DE5E3E-B853-4CAC-9ABB-2311BAD7C131}.Debug|Any CPU.ActiveCfg = Debug|Any CPU
		{13DE5E3E-B853-4CAC-9ABB-2311BAD7C131}.Debug|Any CPU.Build.0 = Debug|Any CPU
		{13DE5E3E-B853-4CAC-9ABB-2311BAD7C131}.Release|Any CPU.ActiveCfg = Release|Any CPU
		{13DE5E3E-B853-4CAC-9ABB-2311BAD7C131}.Release|Any CPU.Build.0 = Release|Any CPU
		{DAE95964-E7AD-4F38-A8A6-556E4B582F47}.Debug|Any CPU.ActiveCfg = Debug|Any CPU
		{DAE95964-E7AD-4F38-A8A6-556E4B582F47}.Debug|Any CPU.Build.0 = Debug|Any CPU
		{DAE95964-E7AD-4F38-A8A6-556E4B582F47}.Release|Any CPU.ActiveCfg = Release|Any CPU
		{DAE95964-E7AD-4F38-A8A6-556E4B582F47}.Release|Any CPU.Build.0 = Release|Any CPU
		{631BF2EC-0DB6-41CF-9F93-EF41C4EF6FE1}.Debug|Any CPU.ActiveCfg = Debug|Any CPU
		{631BF2EC-0DB6-41CF-9F93-EF41C4EF6FE1}.Debug|Any CPU.Build.0 = Debug|Any CPU
		{631BF2EC-0DB6-41CF-9F93-EF41C4EF6FE1}.Release|Any CPU.ActiveCfg = Release|Any CPU
		{631BF2EC-0DB6-41CF-9F93-EF41C4EF6FE1}.Release|Any CPU.Build.0 = Release|Any CPU
	EndGlobalSection
	GlobalSection(SolutionProperties) = preSolution
		HideSolutionNode = FALSE
	EndGlobalSection
	GlobalSection(NestedProjects) = preSolution
		{30230256-3AFE-450E-A9C2-993B50A5BE1D} = {BAD6044C-0C60-4782-A98F-989E42FF7D7A}
		{4AA237BA-CFDE-492F-9A40-94D9C5358FB7} = {BAD6044C-0C60-4782-A98F-989E42FF7D7A}
		{43793308-0FDE-48A9-BF82-C5DCFABB0C41} = {BAD6044C-0C60-4782-A98F-989E42FF7D7A}
		{98D6B53B-823D-4AD3-B998-8D22B9C4F478} = {BAD6044C-0C60-4782-A98F-989E42FF7D7A}
		{13DE5E3E-B853-4CAC-9ABB-2311BAD7C131} = {BAD6044C-0C60-4782-A98F-989E42FF7D7A}
		{DAE95964-E7AD-4F38-A8A6-556E4B582F47} = {BAD6044C-0C60-4782-A98F-989E42FF7D7A}
		{631BF2EC-0DB6-41CF-9F93-EF41C4EF6FE1} = {BAD6044C-0C60-4782-A98F-989E42FF7D7A}
	EndGlobalSection
	GlobalSection(ExtensibilityGlobals) = postSolution
		SolutionGuid = {67FFD398-4DBF-41C3-8DDE-4349A392A440}
	EndGlobalSection
EndGlobal
